
Microsoft Visual Studio Solution File, Format Version 12.00
# Visual Studio 15
VisualStudioVersion = 15.0.27520.0
MinimumVisualStudioVersion = 10.0.40219.1
Project("{FAE04EC0-301F-11D3-BF4B-00C04F79EFBC}") = "FitnessFrog", "FitnessFrog.csproj", "{BAB6A9C5-9D4B-4FFB-A4F4-F3C4C956BBE5}"
EndProject
Global
	GlobalSection(SolutionConfigurationPlatforms) = preSolution
		Debug|Any CPU = Debug|Any CPU
		Release|Any CPU = Release|Any CPU
	EndGlobalSection
	GlobalSection(ProjectConfigurationPlatforms) = postSolution
		{BAB6A9C5-9D4B-4FFB-A4F4-F3C4C956BBE5}.Debug|Any CPU.ActiveCfg = Debug|Any CPU
		{BAB6A9C5-9D4B-4FFB-A4F4-F3C4C956BBE5}.Debug|Any CPU.Build.0 = Debug|Any CPU
		{BAB6A9C5-9D4B-4FFB-A4F4-F3C4C956BBE5}.Release|Any CPU.ActiveCfg = Release|Any CPU
		{BAB6A9C5-9D4B-4FFB-A4F4-F3C4C956BBE5}.Release|Any CPU.Build.0 = Release|Any CPU
	EndGlobalSection
	GlobalSection(SolutionProperties) = preSolution
		HideSolutionNode = FALSE
	EndGlobalSection
	GlobalSection(ExtensibilityGlobals) = postSolution
		SolutionGuid = {5A156E54-F91E-4D9B-BA31-B19669780D3C}
	EndGlobalSection
EndGlobal
